
Microsoft Visual Studio Solution File, Format Version 12.00
# Visual Studio Version 17
VisualStudioVersion = 17.4.33205.214
MinimumVisualStudioVersion = 10.0.40219.1
Project("{FAE04EC0-301F-11D3-BF4B-00C04F79EFBC}") = "Hello Word", "Hello Word\Hello Word.csproj", "{BCE5EC77-0FB6-49B2-BE5F-29AC9150327E}"
EndProject
Global
	GlobalSection(SolutionConfigurationPlatforms) = preSolution
		Debug|Any CPU = Debug|Any CPU
		Release|Any CPU = Release|Any CPU
	EndGlobalSection
	GlobalSection(ProjectConfigurationPlatforms) = postSolution
		{BCE5EC77-0FB6-49B2-BE5F-29AC9150327E}.Debug|Any CPU.ActiveCfg = Debug|Any CPU
		{BCE5EC77-0FB6-49B2-BE5F-29AC9150327E}.Debug|Any CPU.Build.0 = Debug|Any CPU
		{BCE5EC77-0FB6-49B2-BE5F-29AC9150327E}.Release|Any CPU.ActiveCfg = Release|Any CPU
		{BCE5EC77-0FB6-49B2-BE5F-29AC9150327E}.Release|Any CPU.Build.0 = Release|Any CPU
	EndGlobalSection
	GlobalSection(SolutionProperties) = preSolution
		HideSolutionNode = FALSE
	EndGlobalSection
	GlobalSection(ExtensibilityGlobals) = postSolution
		SolutionGuid = {86712DE2-905B-470D-A9E1-DBA5A906042E}
	EndGlobalSection
EndGlobal
